{
  "name": "@indra.ai/deva.proxy",
  "version": "0.0.0",
  "lockfileVersion": 3,
  "requires": true,
  "packages": {
    "": {
      "name": "@indra.ai/deva.proxy",
      "version": "0.0.0",
      "license": "MIT",
      "dependencies": {
        "@indra.ai/deva": "^1.5.44"
      }
    },
    "node_modules/@indra.ai/deva": {
      "version": "1.5.44",
      "resolved": "https://registry.npmjs.org/@indra.ai/deva/-/deva-1.5.44.tgz",
      "integrity": "sha512-qLikOMB1H+Z5BqBmxx80ZKXVILBHiZqey2JKSZGcPPuDdSFrAblheizulwQnMhF4mjpDJv8mY3Yc9AtcDMy/AA==",
      "funding": [
        {
          "type": "paypal",
          "url": "https://paypal.me/rahulaclub"
        },
        {
          "type": "patreon",
          "url": "https://patreon.com/rahulaclub"
        }
      ],
      "license": "Unlicense",
      "engines": {
        "node": ">=18.16.0",
        "npm": ">=9.5.1"
      }
    }
  }
}
